
Microsoft Visual Studio Solution File, Format Version 12.00
# Visual Studio Version 17
VisualStudioVersion = 17.3.32901.215
MinimumVisualStudioVersion = 10.0.40219.1
Project("{9A19103F-16F7-4668-BE54-9A1E7A4F7556}") = "DailyReport", "DailyReport\DailyReport.csproj", "{281630E3-54C8-4EB2-B4EA-0D2B800C5FE5}"
EndProject
Global
	GlobalSection(SolutionConfigurationPlatforms) = preSolution
		Debug|Any CPU = Debug|Any CPU
		Release|Any CPU = Release|Any CPU
	EndGlobalSection
	GlobalSection(ProjectConfigurationPlatforms) = postSolution
		{281630E3-54C8-4EB2-B4EA-0D2B800C5FE5}.Debug|Any CPU.ActiveCfg = Debug|Any CPU
		{281630E3-54C8-4EB2-B4EA-0D2B800C5FE5}.Debug|Any CPU.Build.0 = Debug|Any CPU
		{281630E3-54C8-4EB2-B4EA-0D2B800C5FE5}.Release|Any CPU.ActiveCfg = Release|Any CPU
		{281630E3-54C8-4EB2-B4EA-0D2B800C5FE5}.Release|Any CPU.Build.0 = Release|Any CPU
	EndGlobalSection
	GlobalSection(SolutionProperties) = preSolution
		HideSolutionNode = FALSE
	EndGlobalSection
	GlobalSection(ExtensibilityGlobals) = postSolution
		SolutionGuid = {B50F066C-1F98-455F-8632-C20018099623}
	EndGlobalSection
EndGlobal
